
Microsoft Visual Studio Solution File, Format Version 12.00
# Visual Studio Version 17
VisualStudioVersion = 17.4.33213.308
MinimumVisualStudioVersion = 10.0.40219.1
Project("{FAE04EC0-301F-11D3-BF4B-00C04F79EFBC}") = "Week3IfAndSwitch", "Week3IfAndSwitch\Week3IfAndSwitch.csproj", "{F1679A33-82AC-4ED3-B589-E0CCD904FC33}"
EndProject
Project("{FAE04EC0-301F-11D3-BF4B-00C04F79EFBC}") = "OddOrEven", "OddOrEven\OddOrEven.csproj", "{0C1A7DD2-AE80-4081-86B8-83FBB5348DA3}"
EndProject
Project("{FAE04EC0-301F-11D3-BF4B-00C04F79EFBC}") = "IfDayOfTheWeek", "IfDayOfTheWeek\IfDayOfTheWeek.csproj", "{906422A5-D0E9-4FC0-8540-01280DD4D223}"
EndProject
Project("{FAE04EC0-301F-11D3-BF4B-00C04F79EFBC}") = "SwitchDayOfTheWeek", "SwitchDayOfTheWeek\SwitchDayOfTheWeek.csproj", "{BD07028A-C91E-4549-AC89-49C7D9BF7D4E}"
EndProject
Global
	GlobalSection(SolutionConfigurationPlatforms) = preSolution
		Debug|Any CPU = Debug|Any CPU
		Release|Any CPU = Release|Any CPU
	EndGlobalSection
	GlobalSection(ProjectConfigurationPlatforms) = postSolution
		{F1679A33-82AC-4ED3-B589-E0CCD904FC33}.Debug|Any CPU.ActiveCfg = Debug|Any CPU
		{F1679A33-82AC-4ED3-B589-E0CCD904FC33}.Debug|Any CPU.Build.0 = Debug|Any CPU
		{F1679A33-82AC-4ED3-B589-E0CCD904FC33}.Release|Any CPU.ActiveCfg = Release|Any CPU
		{F1679A33-82AC-4ED3-B589-E0CCD904FC33}.Release|Any CPU.Build.0 = Release|Any CPU
		{0C1A7DD2-AE80-4081-86B8-83FBB5348DA3}.Debug|Any CPU.ActiveCfg = Debug|Any CPU
		{0C1A7DD2-AE80-4081-86B8-83FBB5348DA3}.Debug|Any CPU.Build.0 = Debug|Any CPU
		{0C1A7DD2-AE80-4081-86B8-83FBB5348DA3}.Release|Any CPU.ActiveCfg = Release|Any CPU
		{0C1A7DD2-AE80-4081-86B8-83FBB5348DA3}.Release|Any CPU.Build.0 = Release|Any CPU
		{906422A5-D0E9-4FC0-8540-01280DD4D223}.Debug|Any CPU.ActiveCfg = Debug|Any CPU
		{906422A5-D0E9-4FC0-8540-01280DD4D223}.Debug|Any CPU.Build.0 = Debug|Any CPU
		{906422A5-D0E9-4FC0-8540-01280DD4D223}.Release|Any CPU.ActiveCfg = Release|Any CPU
		{906422A5-D0E9-4FC0-8540-01280DD4D223}.Release|Any CPU.Build.0 = Release|Any CPU
		{BD07028A-C91E-4549-AC89-49C7D9BF7D4E}.Debug|Any CPU.ActiveCfg = Debug|Any CPU
		{BD07028A-C91E-4549-AC89-49C7D9BF7D4E}.Debug|Any CPU.Build.0 = Debug|Any CPU
		{BD07028A-C91E-4549-AC89-49C7D9BF7D4E}.Release|Any CPU.ActiveCfg = Release|Any CPU
		{BD07028A-C91E-4549-AC89-49C7D9BF7D4E}.Release|Any CPU.Build.0 = Release|Any CPU
	EndGlobalSection
	GlobalSection(SolutionProperties) = preSolution
		HideSolutionNode = FALSE
	EndGlobalSection
	GlobalSection(ExtensibilityGlobals) = postSolution
		SolutionGuid = {11634D3A-1AFD-4325-AE43-DEA315A6682E}
	EndGlobalSection
EndGlobal
